// !$*UTF8*$!
{
	archiveVersion = 1;
	classes = {
	};
	objectVersion = 46;
	objects = {

/* Begin PBXBuildFile section */
		071803281DDCDB1B00B0E06F /* main.cpp in Sources */ = {isa = PBXBuildFile; fileRef = 071803271DDCDB1B00B0E06F /* main.cpp */; };
		071803301DDCDB3C00B0E06F /* BigInt.cpp in Sources */ = {isa = PBXBuildFile; fileRef = 0718032E1DDCDB3C00B0E06F /* BigInt.cpp */; };
/* End PBXBuildFile section */

/* Begin PBXCopyFilesBuildPhase section */
		071803221DDCDB1B00B0E06F /* CopyFiles */ = {
			isa = PBXCopyFilesBuildPhase;
			buildActionMask = 2147483647;
			dstPath = /usr/share/man/man1/;
			dstSubfolderSpec = 0;
			files = (
			);
			runOnlyForDeploymentPostprocessing = 1;
		};
/* End PBXCopyFilesBuildPhase section */

/* Begin PBXFileReference section */
		071803241DDCDB1B00B0E06F /* Hurtado_Carlos_CECS_282_Prog5_STL */ = {isa = PBXFileReference; explicitFileType = "compiled.mach-o.executable"; includeInIndex = 0; path = Hurtado_Carlos_CECS_282_Prog5_STL; sourceTree = BUILT_PRODUCTS_DIR; };
		071803271DDCDB1B00B0E06F /* main.cpp */ = {isa = PBXFileReference; lastKnownFileType = sourcecode.cpp.cpp; path = main.cpp; sourceTree = "<group>"; };
		0718032E1DDCDB3C00B0E06F /* BigInt.cpp */ = {isa = PBXFileReference; fileEncoding = 4; lastKnownFileType = sourcecode.cpp.cpp; path = BigInt.cpp; sourceTree = "<group>"; };
		0718032F1DDCDB3C00B0E06F /* BigInt.hpp */ = {isa = PBXFileReference; fileEncoding = 4; lastKnownFileType = sourcecode.cpp.h; path = BigInt.hpp; sourceTree = "<group>"; };
/* End PBXFileReference section */

/* Begin PBXFrameworksBuildPhase section */
		071803211DDCDB1B00B0E06F /* Frameworks */ = {
			isa = PBXFrameworksBuildPhase;
			buildActionMask = 2147483647;
			files = (
			);
			runOnlyForDeploymentPostprocessing = 0;
		};
/* End PBXFrameworksBuildPhase section */

/* Begin PBXGroup section */
		0718031B1DDCDB1B00B0E06F = {
			isa = PBXGroup;
			children = (
				071803261DDCDB1B00B0E06F /* Hurtado_Carlos_CECS_282_Prog5_STL */,
				071803251DDCDB1B00B0E06F /* Products */,
			);
			sourceTree = "<group>";
		};
		071803251DDCDB1B00B0E06F /* Products */ = {
			isa = PBXGroup;
			children = (
				071803241DDCDB1B00B0E06F /* Hurtado_Carlos_CECS_282_Prog5_STL */,
			);
			name = Products;
			sourceTree = "<group>";
		};
		071803261DDCDB1B00B0E06F /* Hurtado_Carlos_CECS_282_Prog5_STL */ = {
			isa = PBXGroup;
			children = (
				071803271DDCDB1B00B0E06F /* main.cpp */,
				0718032E1DDCDB3C00B0E06F /* BigInt.cpp */,
				0718032F1DDCDB3C00B0E06F /* BigInt.hpp */,
			);
			path = Hurtado_Carlos_CECS_282_Prog5_STL;
			sourceTree = "<group>";
		};
/* End PBXGroup section */

/* Begin PBXNativeTarget section */
		071803231DDCDB1B00B0E06F /* Hurtado_Carlos_CECS_282_Prog5_STL */ = {
			isa = PBXNativeTarget;
			buildConfigurationList = 0718032B1DDCDB1B00B0E06F /* Build configuration list for PBXNativeTarget "Hurtado_Carlos_CECS_282_Prog5_STL" */;
			buildPhases = (
				071803201DDCDB1B00B0E06F /* Sources */,
				071803211DDCDB1B00B0E06F /* Frameworks */,
				071803221DDCDB1B00B0E06F /* CopyFiles */,
			);
			buildRules = (
			);
			dependencies = (
			);
			name = Hurtado_Carlos_CECS_282_Prog5_STL;
			productName = Hurtado_Carlos_CECS_282_Prog5_STL;
			productReference = 071803241DDCDB1B00B0E06F /* Hurtado_Carlos_CECS_282_Prog5_STL */;
			productType = "com.apple.product-type.tool";
		};
/* End PBXNativeTarget section */

/* Begin PBXProject section */
		0718031C1DDCDB1B00B0E06F /* Project object */ = {
			isa = PBXProject;
			attributes = {
				LastUpgradeCheck = 0810;
				ORGANIZATIONNAME = "Carlos Hurtado";
				TargetAttributes = {
					071803231DDCDB1B00B0E06F = {
						CreatedOnToolsVersion = 8.1;
						ProvisioningStyle = Automatic;
					};
				};
			};
			buildConfigurationList = 0718031F1DDCDB1B00B0E06F /* Build configuration list for PBXProject "Hurtado_Carlos_CECS_282_Prog5_STL" */;
			compatibilityVersion = "Xcode 3.2";
			developmentRegion = English;
			hasScannedForEncodings = 0;
			knownRegions = (
				en,
			);
			mainGroup = 0718031B1DDCDB1B00B0E06F;
			productRefGroup = 071803251DDCDB1B00B0E06F /* Products */;
			projectDirPath = "";
			projectRoot = "";
			targets = (
				071803231DDCDB1B00B0E06F /* Hurtado_Carlos_CECS_282_Prog5_STL */,
			);
		};
/* End PBXProject section */

/* Begin PBXSourcesBuildPhase section */
		071803201DDCDB1B00B0E06F /* Sources */ = {
			isa = PBXSourcesBuildPhase;
			buildActionMask = 2147483647;
			files = (
				071803301DDCDB3C00B0E06F /* BigInt.cpp in Sources */,
				071803281DDCDB1B00B0E06F /* main.cpp in Sources */,
			);
			runOnlyForDeploymentPostprocessing = 0;
		};
/* End PBXSourcesBuildPhase section */

/* Begin XCBuildConfiguration section */
		071803291DDCDB1B00B0E06F /* Debug */ = {
			isa = XCBuildConfiguration;
			buildSettings = {
				ALWAYS_SEARCH_USER_PATHS = NO;
				CLANG_ANALYZER_NONNULL = YES;
				CLANG_CXX_LANGUAGE_STANDARD = "gnu++0x";
				CLANG_CXX_LIBRARY = "libc++";
				CLANG_ENABLE_MODULES = YES;
				CLANG_ENABLE_OBJC_ARC = YES;
				CLANG_WARN_BOOL_CONVERSION = YES;
				CLANG_WARN_CONSTANT_CONVERSION = YES;
				CLANG_WARN_DIRECT_OBJC_ISA_USAGE = YES_ERROR;
				CLANG_WARN_DOCUMENTATION_COMMENTS = YES;
				CLANG_WARN_EMPTY_BODY = YES;
				CLANG_WARN_ENUM_CONVERSION = YES;
				CLANG_WARN_INFINITE_RECURSION = YES;
				CLANG_WARN_INT_CONVERSION = YES;
				CLANG_WARN_OBJC_ROOT_CLASS = YES_ERROR;
				CLANG_WARN_SUSPICIOUS_MOVES = YES;
				CLANG_WARN_UNREACHABLE_CODE = YES;
				CLANG_WARN__DUPLICATE_METHOD_MATCH = YES;
				CODE_SIGN_IDENTITY = "-";
				COPY_PHASE_STRIP = NO;
				DEBUG_INFORMATION_FORMAT = dwarf;
				ENABLE_STRICT_OBJC_MSGSEND = YES;
				ENABLE_TESTABILITY = YES;
				GCC_C_LANGUAGE_STANDARD = gnu99;
				GCC_DYNAMIC_NO_PIC = NO;
				GCC_NO_COMMON_BLOCKS = YES;
				GCC_OPTIMIZATION_LEVEL = 0;
				GCC_PREPROCESSOR_DEFINITIONS = (
					"DEBUG=1",
					"$(inherited)",
				);
				GCC_WARN_64_TO_32_BIT_CONVERSION = YES;
				GCC_WARN_ABOUT_RETURN_TYPE = YES_ERROR;
				GCC_WARN_UNDECLARED_SELECTOR = YES;
				GCC_WARN_UNINITIALIZED_AUTOS = YES_AGGRESSIVE;
				GCC_WARN_UNUSED_FUNCTION = YES;
				GCC_WARN_UNUSED_VARIABLE = YES;
				MACOSX_DEPLOYMENT_TARGET = 10.12;
				MTL_ENABLE_DEBUG_INFO = YES;
				ONLY_ACTIVE_ARCH = YES;
				SDKROOT = macosx;
			};
			name = Debug;
		};
		0718032A1DDCDB1B00B0E06F /* Release */ = {
			isa = XCBuildConfiguration;
			buildSettings = {
				ALWAYS_SEARCH_USER_PATHS = NO;
				CLANG_ANALYZER_NONNULL = YES;
				CLANG_CXX_LANGUAGE_STANDARD = "gnu++0x";
				CLANG_CXX_LIBRARY = "libc++";
				CLANG_ENABLE_MODULES = YES;
				CLANG_ENABLE_OBJC_ARC = YES;
				CLANG_WARN_BOOL_CONVERSION = YES;
				CLANG_WARN_CONSTANT_CONVERSION = YES;
				CLANG_WARN_DIRECT_OBJC_ISA_USAGE = YES_ERROR;
				CLANG_WARN_DOCUMENTATION_COMMENTS = YES;
				CLANG_WARN_EMPTY_BODY = YES;
				CLANG_WARN_ENUM_CONVERSION = YES;
				CLANG_WARN_INFINITE_RECURSION = YES;
				CLANG_WARN_INT_CONVERSION = YES;
				CLANG_WARN_OBJC_ROOT_CLASS = YES_ERROR;
				CLANG_WARN_SUSPICIOUS_MOVES = YES;
				CLANG_WARN_UNREACHABLE_CODE = YES;
				CLANG_WARN__DUPLICATE_METHOD_MATCH = YES;
				CODE_SIGN_IDENTITY = "-";
				COPY_PHASE_STRIP = NO;
				DEBUG_INFORMATION_FORMAT = "dwarf-with-dsym";
				ENABLE_NS_ASSERTIONS = NO;
				ENABLE_STRICT_OBJC_MSGSEND = YES;
				GCC_C_LANGUAGE_STANDARD = gnu99;
				GCC_NO_COMMON_BLOCKS = YES;
				GCC_WARN_64_TO_32_BIT_CONVERSION = YES;
				GCC_WARN_ABOUT_RETURN_TYPE = YES_ERROR;
				GCC_WARN_UNDECLARED_SELECTOR = YES;
				GCC_WARN_UNINITIALIZED_AUTOS = YES_AGGRESSIVE;
				GCC_WARN_UNUSED_FUNCTION = YES;
				GCC_WARN_UNUSED_VARIABLE = YES;
				MACOSX_DEPLOYMENT_TARGET = 10.12;
				MTL_ENABLE_DEBUG_INFO = NO;
				SDKROOT = macosx;
			};
			name = Release;
		};
		0718032C1DDCDB1B00B0E06F /* Debug */ = {
			isa = XCBuildConfiguration;
			buildSettings = {
				PRODUCT_NAME = "$(TARGET_NAME)";
			};
			name = Debug;
		};
		0718032D1DDCDB1B00B0E06F /* Release */ = {
			isa = XCBuildConfiguration;
			buildSettings = {
				PRODUCT_NAME = "$(TARGET_NAME)";
			};
			name = Release;
		};
/* End XCBuildConfiguration section */

/* Begin XCConfigurationList section */
		0718031F1DDCDB1B00B0E06F /* Build configuration list for PBXProject "Hurtado_Carlos_CECS_282_Prog5_STL" */ = {
			isa = XCConfigurationList;
			buildConfigurations = (
				071803291DDCDB1B00B0E06F /* Debug */,
				0718032A1DDCDB1B00B0E06F /* Release */,
			);
			defaultConfigurationIsVisible = 0;
			defaultConfigurationName = Release;
		};
		0718032B1DDCDB1B00B0E06F /* Build configuration list for PBXNativeTarget "Hurtado_Carlos_CECS_282_Prog5_STL" */ = {
			isa = XCConfigurationList;
			buildConfigurations = (
				0718032C1DDCDB1B00B0E06F /* Debug */,
				0718032D1DDCDB1B00B0E06F /* Release */,
			);
			defaultConfigurationIsVisible = 0;
		};
/* End XCConfigurationList section */
	};
	rootObject = 0718031C1DDCDB1B00B0E06F /* Project object */;
}
